
Microsoft Visual Studio Solution File, Format Version 12.00
# Visual Studio 15
VisualStudioVersion = 15.0.28010.2036
MinimumVisualStudioVersion = 10.0.40219.1
Project("{FAE04EC0-301F-11D3-BF4B-00C04F79EFBC}") = "Database_Migrations", "Database_Migrations\Database_Migrations.csproj", "{C1FE268A-F2F3-44FB-93F2-171B2EAAEB0E}"
EndProject
Project("{FAE04EC0-301F-11D3-BF4B-00C04F79EFBC}") = "Model", "Model\Model.csproj", "{83BEB5BB-2F65-49C9-8DB5-0B477862950B}"
EndProject
Project("{FAE04EC0-301F-11D3-BF4B-00C04F79EFBC}") = "Dal", "Dal\Dal.csproj", "{E5CDDEE8-594D-4EA7-B4B2-E54A3A27484B}"
EndProject
Project("{FAE04EC0-301F-11D3-BF4B-00C04F79EFBC}") = "Bll", "Bll\Bll.csproj", "{AF8F526A-DBD4-4513-86E6-E248854E4F28}"
EndProject
Project("{FAE04EC0-301F-11D3-BF4B-00C04F79EFBC}") = "WindowsFormsApp1", "WindowsFormsApp1\WindowsFormsApp1.csproj", "{97797096-2051-4521-99EA-9C6478E71759}"
EndProject
Project("{FAE04EC0-301F-11D3-BF4B-00C04F79EFBC}") = "IMAP", "IMAP\IMAP.csproj", "{D105C2A0-9FA1-4838-A554-DB7852975655}"
EndProject
Project("{FAE04EC0-301F-11D3-BF4B-00C04F79EFBC}") = "webapi", "webapi\webapi.csproj", "{B7562C0B-8E03-40B7-AFD9-2F9C81407542}"
EndProject
Project("{FAE04EC0-301F-11D3-BF4B-00C04F79EFBC}") = "BaiduVoice", "BaiduVoice\BaiduVoice.csproj", "{0DB2022D-E3CA-45CE-9209-48E980108E7C}"
EndProject
Global
	GlobalSection(SolutionConfigurationPlatforms) = preSolution
		Debug|Any CPU = Debug|Any CPU
		Release|Any CPU = Release|Any CPU
	EndGlobalSection
	GlobalSection(ProjectConfigurationPlatforms) = postSolution
		{C1FE268A-F2F3-44FB-93F2-171B2EAAEB0E}.Debug|Any CPU.ActiveCfg = Debug|Any CPU
		{C1FE268A-F2F3-44FB-93F2-171B2EAAEB0E}.Debug|Any CPU.Build.0 = Debug|Any CPU
		{C1FE268A-F2F3-44FB-93F2-171B2EAAEB0E}.Release|Any CPU.ActiveCfg = Release|Any CPU
		{C1FE268A-F2F3-44FB-93F2-171B2EAAEB0E}.Release|Any CPU.Build.0 = Release|Any CPU
		{83BEB5BB-2F65-49C9-8DB5-0B477862950B}.Debug|Any CPU.ActiveCfg = Debug|Any CPU
		{83BEB5BB-2F65-49C9-8DB5-0B477862950B}.Debug|Any CPU.Build.0 = Debug|Any CPU
		{83BEB5BB-2F65-49C9-8DB5-0B477862950B}.Release|Any CPU.ActiveCfg = Release|Any CPU
		{83BEB5BB-2F65-49C9-8DB5-0B477862950B}.Release|Any CPU.Build.0 = Release|Any CPU
		{E5CDDEE8-594D-4EA7-B4B2-E54A3A27484B}.Debug|Any CPU.ActiveCfg = Debug|Any CPU
		{E5CDDEE8-594D-4EA7-B4B2-E54A3A27484B}.Debug|Any CPU.Build.0 = Debug|Any CPU
		{E5CDDEE8-594D-4EA7-B4B2-E54A3A27484B}.Release|Any CPU.ActiveCfg = Release|Any CPU
		{E5CDDEE8-594D-4EA7-B4B2-E54A3A27484B}.Release|Any CPU.Build.0 = Release|Any CPU
		{AF8F526A-DBD4-4513-86E6-E248854E4F28}.Debug|Any CPU.ActiveCfg = Debug|Any CPU
		{AF8F526A-DBD4-4513-86E6-E248854E4F28}.Debug|Any CPU.Build.0 = Debug|Any CPU
		{AF8F526A-DBD4-4513-86E6-E248854E4F28}.Release|Any CPU.ActiveCfg = Release|Any CPU
		{AF8F526A-DBD4-4513-86E6-E248854E4F28}.Release|Any CPU.Build.0 = Release|Any CPU
		{97797096-2051-4521-99EA-9C6478E71759}.Debug|Any CPU.ActiveCfg = Debug|Any CPU
		{97797096-2051-4521-99EA-9C6478E71759}.Debug|Any CPU.Build.0 = Debug|Any CPU
		{97797096-2051-4521-99EA-9C6478E71759}.Release|Any CPU.ActiveCfg = Release|Any CPU
		{97797096-2051-4521-99EA-9C6478E71759}.Release|Any CPU.Build.0 = Release|Any CPU
		{D105C2A0-9FA1-4838-A554-DB7852975655}.Debug|Any CPU.ActiveCfg = Debug|Any CPU
		{D105C2A0-9FA1-4838-A554-DB7852975655}.Debug|Any CPU.Build.0 = Debug|Any CPU
		{D105C2A0-9FA1-4838-A554-DB7852975655}.Release|Any CPU.ActiveCfg = Release|Any CPU
		{D105C2A0-9FA1-4838-A554-DB7852975655}.Release|Any CPU.Build.0 = Release|Any CPU
		{B7562C0B-8E03-40B7-AFD9-2F9C81407542}.Debug|Any CPU.ActiveCfg = Debug|Any CPU
		{B7562C0B-8E03-40B7-AFD9-2F9C81407542}.Debug|Any CPU.Build.0 = Debug|Any CPU
		{B7562C0B-8E03-40B7-AFD9-2F9C81407542}.Release|Any CPU.ActiveCfg = Release|Any CPU
		{B7562C0B-8E03-40B7-AFD9-2F9C81407542}.Release|Any CPU.Build.0 = Release|Any CPU
		{0DB2022D-E3CA-45CE-9209-48E980108E7C}.Debug|Any CPU.ActiveCfg = Debug|Any CPU
		{0DB2022D-E3CA-45CE-9209-48E980108E7C}.Debug|Any CPU.Build.0 = Debug|Any CPU
		{0DB2022D-E3CA-45CE-9209-48E980108E7C}.Release|Any CPU.ActiveCfg = Release|Any CPU
		{0DB2022D-E3CA-45CE-9209-48E980108E7C}.Release|Any CPU.Build.0 = Release|Any CPU
	EndGlobalSection
	GlobalSection(SolutionProperties) = preSolution
		HideSolutionNode = FALSE
	EndGlobalSection
	GlobalSection(ExtensibilityGlobals) = postSolution
		SolutionGuid = {222320A9-AAC2-4756-9070-B08F9154910F}
	EndGlobalSection
EndGlobal
